
Microsoft Visual Studio Solution File, Format Version 12.00
# Visual Studio Version 17
VisualStudioVersion = 17.8.34316.72
MinimumVisualStudioVersion = 10.0.40219.1
Project("{FAE04EC0-301F-11D3-BF4B-00C04F79EFBC}") = "StockMarketWithSignalR", "StockMarketWithSignalR.csproj", "{FAAB073C-EEDF-4AE6-A161-FDB68AF66520}"
EndProject
Global
	GlobalSection(SolutionConfigurationPlatforms) = preSolution
		Debug|Any CPU = Debug|Any CPU
		Release|Any CPU = Release|Any CPU
	EndGlobalSection
	GlobalSection(ProjectConfigurationPlatforms) = postSolution
		{FAAB073C-EEDF-4AE6-A161-FDB68AF66520}.Debug|Any CPU.ActiveCfg = Debug|Any CPU
		{FAAB073C-EEDF-4AE6-A161-FDB68AF66520}.Debug|Any CPU.Build.0 = Debug|Any CPU
		{FAAB073C-EEDF-4AE6-A161-FDB68AF66520}.Release|Any CPU.ActiveCfg = Release|Any CPU
		{FAAB073C-EEDF-4AE6-A161-FDB68AF66520}.Release|Any CPU.Build.0 = Release|Any CPU
	EndGlobalSection
	GlobalSection(SolutionProperties) = preSolution
		HideSolutionNode = FALSE
	EndGlobalSection
	GlobalSection(ExtensibilityGlobals) = postSolution
		SolutionGuid = {050CF81F-4528-45DA-8742-0380211D0483}
	EndGlobalSection
EndGlobal
